// !$*UTF8*$!
{
	archiveVersion = 1;
	classes = {
	};
	objectVersion = 56;
	objects = {

/* Begin PBXBuildFile section */
		4567177229F185DF00D160BB /* AppDelegate.swift in Sources */ = {isa = PBXBuildFile; fileRef = 4567177129F185DF00D160BB /* AppDelegate.swift */; };
		4567177429F185DF00D160BB /* SceneDelegate.swift in Sources */ = {isa = PBXBuildFile; fileRef = 4567177329F185DF00D160BB /* SceneDelegate.swift */; };
		4567177629F185DF00D160BB /* ViewController.swift in Sources */ = {isa = PBXBuildFile; fileRef = 4567177529F185DF00D160BB /* ViewController.swift */; };
		4567177929F185DF00D160BB /* Main.storyboard in Resources */ = {isa = PBXBuildFile; fileRef = 4567177729F185DF00D160BB /* Main.storyboard */; };
		4567177B29F185DF00D160BB /* Assets.xcassets in Resources */ = {isa = PBXBuildFile; fileRef = 4567177A29F185DF00D160BB /* Assets.xcassets */; };
		4567177E29F185DF00D160BB /* LaunchScreen.storyboard in Resources */ = {isa = PBXBuildFile; fileRef = 4567177C29F185DF00D160BB /* LaunchScreen.storyboard */; };
		4567178829F1E27200D160BB /* MenuItemManager.swift in Sources */ = {isa = PBXBuildFile; fileRef = 4567178729F1E27200D160BB /* MenuItemManager.swift */; };
		4567178B29F1E5EC00D160BB /* MenuItemData.swift in Sources */ = {isa = PBXBuildFile; fileRef = 4567178A29F1E5EC00D160BB /* MenuItemData.swift */; };
		4567178D29F1EE8700D160BB /* MenuItemModel.swift in Sources */ = {isa = PBXBuildFile; fileRef = 4567178C29F1EE8700D160BB /* MenuItemModel.swift */; };
/* End PBXBuildFile section */

/* Begin PBXFileReference section */
		4567176E29F185DF00D160BB /* No TLS.app */ = {isa = PBXFileReference; explicitFileType = wrapper.application; includeInIndex = 0; path = "No TLS.app"; sourceTree = BUILT_PRODUCTS_DIR; };
		4567177129F185DF00D160BB /* AppDelegate.swift */ = {isa = PBXFileReference; lastKnownFileType = sourcecode.swift; path = AppDelegate.swift; sourceTree = "<group>"; };
		4567177329F185DF00D160BB /* SceneDelegate.swift */ = {isa = PBXFileReference; lastKnownFileType = sourcecode.swift; path = SceneDelegate.swift; sourceTree = "<group>"; };
		4567177529F185DF00D160BB /* ViewController.swift */ = {isa = PBXFileReference; lastKnownFileType = sourcecode.swift; path = ViewController.swift; sourceTree = "<group>"; };
		4567177829F185DF00D160BB /* Base */ = {isa = PBXFileReference; lastKnownFileType = file.storyboard; name = Base; path = Base.lproj/Main.storyboard; sourceTree = "<group>"; };
		4567177A29F185DF00D160BB /* Assets.xcassets */ = {isa = PBXFileReference; lastKnownFileType = folder.assetcatalog; path = Assets.xcassets; sourceTree = "<group>"; };
		4567177D29F185DF00D160BB /* Base */ = {isa = PBXFileReference; lastKnownFileType = file.storyboard; name = Base; path = Base.lproj/LaunchScreen.storyboard; sourceTree = "<group>"; };
		4567177F29F185DF00D160BB /* Info.plist */ = {isa = PBXFileReference; lastKnownFileType = text.plist.xml; path = Info.plist; sourceTree = "<group>"; };
		4567178729F1E27200D160BB /* MenuItemManager.swift */ = {isa = PBXFileReference; lastKnownFileType = sourcecode.swift; path = MenuItemManager.swift; sourceTree = "<group>"; };
		4567178A29F1E5EC00D160BB /* MenuItemData.swift */ = {isa = PBXFileReference; lastKnownFileType = sourcecode.swift; path = MenuItemData.swift; sourceTree = "<group>"; };
		4567178C29F1EE8700D160BB /* MenuItemModel.swift */ = {isa = PBXFileReference; lastKnownFileType = sourcecode.swift; path = MenuItemModel.swift; sourceTree = "<group>"; };
/* End PBXFileReference section */

/* Begin PBXFrameworksBuildPhase section */
		4567176B29F185DF00D160BB /* Frameworks */ = {
			isa = PBXFrameworksBuildPhase;
			buildActionMask = 2147483647;
			files = (
			);
			runOnlyForDeploymentPostprocessing = 0;
		};
/* End PBXFrameworksBuildPhase section */

/* Begin PBXGroup section */
		4567176529F185DF00D160BB = {
			isa = PBXGroup;
			children = (
				4567177029F185DF00D160BB /* No TLS */,
				4567176F29F185DF00D160BB /* Products */,
			);
			sourceTree = "<group>";
		};
		4567176F29F185DF00D160BB /* Products */ = {
			isa = PBXGroup;
			children = (
				4567176E29F185DF00D160BB /* No TLS.app */,
			);
			name = Products;
			sourceTree = "<group>";
		};
		4567177029F185DF00D160BB /* No TLS */ = {
			isa = PBXGroup;
			children = (
				4567178929F1E28300D160BB /* Model */,
				4567178529F1E23800D160BB /* View */,
				4567178629F1E24500D160BB /* Controller */,
				4567177129F185DF00D160BB /* AppDelegate.swift */,
				4567177329F185DF00D160BB /* SceneDelegate.swift */,
				4567177A29F185DF00D160BB /* Assets.xcassets */,
				4567177C29F185DF00D160BB /* LaunchScreen.storyboard */,
				4567177F29F185DF00D160BB /* Info.plist */,
			);
			path = "No TLS";
			sourceTree = "<group>";
		};
		4567178529F1E23800D160BB /* View */ = {
			isa = PBXGroup;
			children = (
				4567177729F185DF00D160BB /* Main.storyboard */,
			);
			path = View;
			sourceTree = "<group>";
		};
		4567178629F1E24500D160BB /* Controller */ = {
			isa = PBXGroup;
			children = (
				4567177529F185DF00D160BB /* ViewController.swift */,
			);
			path = Controller;
			sourceTree = "<group>";
		};
		4567178929F1E28300D160BB /* Model */ = {
			isa = PBXGroup;
			children = (
				4567178729F1E27200D160BB /* MenuItemManager.swift */,
				4567178A29F1E5EC00D160BB /* MenuItemData.swift */,
				4567178C29F1EE8700D160BB /* MenuItemModel.swift */,
			);
			path = Model;
			sourceTree = "<group>";
		};
/* End PBXGroup section */

/* Begin PBXNativeTarget section */
		4567176D29F185DF00D160BB /* No TLS */ = {
			isa = PBXNativeTarget;
			buildConfigurationList = 4567178229F185DF00D160BB /* Build configuration list for PBXNativeTarget "No TLS" */;
			buildPhases = (
				4567176A29F185DF00D160BB /* Sources */,
				4567176B29F185DF00D160BB /* Frameworks */,
				4567176C29F185DF00D160BB /* Resources */,
			);
			buildRules = (
			);
			dependencies = (
			);
			name = "No TLS";
			productName = "No TLS";
			productReference = 4567176E29F185DF00D160BB /* No TLS.app */;
			productType = "com.apple.product-type.application";
		};
/* End PBXNativeTarget section */

/* Begin PBXProject section */
		4567176629F185DF00D160BB /* Project object */ = {
			isa = PBXProject;
			attributes = {
				BuildIndependentTargetsInParallel = 1;
				LastSwiftUpdateCheck = 1430;
				LastUpgradeCheck = 1430;
				TargetAttributes = {
					4567176D29F185DF00D160BB = {
						CreatedOnToolsVersion = 14.3;
					};
				};
			};
			buildConfigurationList = 4567176929F185DF00D160BB /* Build configuration list for PBXProject "No TLS" */;
			compatibilityVersion = "Xcode 14.0";
			developmentRegion = en;
			hasScannedForEncodings = 0;
			knownRegions = (
				en,
				Base,
			);
			mainGroup = 4567176529F185DF00D160BB;
			productRefGroup = 4567176F29F185DF00D160BB /* Products */;
			projectDirPath = "";
			projectRoot = "";
			targets = (
				4567176D29F185DF00D160BB /* No TLS */,
			);
		};
/* End PBXProject section */

/* Begin PBXResourcesBuildPhase section */
		4567176C29F185DF00D160BB /* Resources */ = {
			isa = PBXResourcesBuildPhase;
			buildActionMask = 2147483647;
			files = (
				4567177E29F185DF00D160BB /* LaunchScreen.storyboard in Resources */,
				4567177B29F185DF00D160BB /* Assets.xcassets in Resources */,
				4567177929F185DF00D160BB /* Main.storyboard in Resources */,
			);
			runOnlyForDeploymentPostprocessing = 0;
		};
/* End PBXResourcesBuildPhase section */

/* Begin PBXSourcesBuildPhase section */
		4567176A29F185DF00D160BB /* Sources */ = {
			isa = PBXSourcesBuildPhase;
			buildActionMask = 2147483647;
			files = (
				4567177629F185DF00D160BB /* ViewController.swift in Sources */,
				4567178B29F1E5EC00D160BB /* MenuItemData.swift in Sources */,
				4567178829F1E27200D160BB /* MenuItemManager.swift in Sources */,
				4567177229F185DF00D160BB /* AppDelegate.swift in Sources */,
				4567177429F185DF00D160BB /* SceneDelegate.swift in Sources */,
				4567178D29F1EE8700D160BB /* MenuItemModel.swift in Sources */,
			);
			runOnlyForDeploymentPostprocessing = 0;
		};
/* End PBXSourcesBuildPhase section */

/* Begin PBXVariantGroup section */
		4567177729F185DF00D160BB /* Main.storyboard */ = {
			isa = PBXVariantGroup;
			children = (
				4567177829F185DF00D160BB /* Base */,
			);
			name = Main.storyboard;
			sourceTree = "<group>";
		};
		4567177C29F185DF00D160BB /* LaunchScreen.storyboard */ = {
			isa = PBXVariantGroup;
			children = (
				4567177D29F185DF00D160BB /* Base */,
			);
			name = LaunchScreen.storyboard;
			sourceTree = "<group>";
		};
/* End PBXVariantGroup section */

/* Begin XCBuildConfiguration section */
		4567178029F185DF00D160BB /* Debug */ = {
			isa = XCBuildConfiguration;
			buildSettings = {
				ALWAYS_SEARCH_USER_PATHS = NO;
				CLANG_ANALYZER_NONNULL = YES;
				CLANG_ANALYZER_NUMBER_OBJECT_CONVERSION = YES_AGGRESSIVE;
				CLANG_CXX_LANGUAGE_STANDARD = "gnu++20";
				CLANG_ENABLE_MODULES = YES;
				CLANG_ENABLE_OBJC_ARC = YES;
				CLANG_ENABLE_OBJC_WEAK = YES;
				CLANG_WARN_BLOCK_CAPTURE_AUTORELEASING = YES;
				CLANG_WARN_BOOL_CONVERSION = YES;
				CLANG_WARN_COMMA = YES;
				CLANG_WARN_CONSTANT_CONVERSION = YES;
				CLANG_WARN_DEPRECATED_OBJC_IMPLEMENTATIONS = YES;
				CLANG_WARN_DIRECT_OBJC_ISA_USAGE = YES_ERROR;
				CLANG_WARN_DOCUMENTATION_COMMENTS = YES;
				CLANG_WARN_EMPTY_BODY = YES;
				CLANG_WARN_ENUM_CONVERSION = YES;
				CLANG_WARN_INFINITE_RECURSION = YES;
				CLANG_WARN_INT_CONVERSION = YES;
				CLANG_WARN_NON_LITERAL_NULL_CONVERSION = YES;
				CLANG_WARN_OBJC_IMPLICIT_RETAIN_SELF = YES;
				CLANG_WARN_OBJC_LITERAL_CONVERSION = YES;
				CLANG_WARN_OBJC_ROOT_CLASS = YES_ERROR;
				CLANG_WARN_QUOTED_INCLUDE_IN_FRAMEWORK_HEADER = YES;
				CLANG_WARN_RANGE_LOOP_ANALYSIS = YES;
				CLANG_WARN_STRICT_PROTOTYPES = YES;
				CLANG_WARN_SUSPICIOUS_MOVE = YES;
				CLANG_WARN_UNGUARDED_AVAILABILITY = YES_AGGRESSIVE;
				CLANG_WARN_UNREACHABLE_CODE = YES;
				CLANG_WARN__DUPLICATE_METHOD_MATCH = YES;
				COPY_PHASE_STRIP = NO;
				DEBUG_INFORMATION_FORMAT = dwarf;
				ENABLE_STRICT_OBJC_MSGSEND = YES;
				ENABLE_TESTABILITY = YES;
				GCC_C_LANGUAGE_STANDARD = gnu11;
				GCC_DYNAMIC_NO_PIC = NO;
				GCC_NO_COMMON_BLOCKS = YES;
				GCC_OPTIMIZATION_LEVEL = 0;
				GCC_PREPROCESSOR_DEFINITIONS = (
					"DEBUG=1",
					"$(inherited)",
				);
				GCC_WARN_64_TO_32_BIT_CONVERSION = YES;
				GCC_WARN_ABOUT_RETURN_TYPE = YES_ERROR;
				GCC_WARN_UNDECLARED_SELECTOR = YES;
				GCC_WARN_UNINITIALIZED_AUTOS = YES_AGGRESSIVE;
				GCC_WARN_UNUSED_FUNCTION = YES;
				GCC_WARN_UNUSED_VARIABLE = YES;
				IPHONEOS_DEPLOYMENT_TARGET = 16.4;
				MTL_ENABLE_DEBUG_INFO = INCLUDE_SOURCE;
				MTL_FAST_MATH = YES;
				ONLY_ACTIVE_ARCH = YES;
				SDKROOT = iphoneos;
				SWIFT_ACTIVE_COMPILATION_CONDITIONS = DEBUG;
				SWIFT_OPTIMIZATION_LEVEL = "-Onone";
			};
			name = Debug;
		};
		4567178129F185DF00D160BB /* Release */ = {
			isa = XCBuildConfiguration;
			buildSettings = {
				ALWAYS_SEARCH_USER_PATHS = NO;
				CLANG_ANALYZER_NONNULL = YES;
				CLANG_ANALYZER_NUMBER_OBJECT_CONVERSION = YES_AGGRESSIVE;
				CLANG_CXX_LANGUAGE_STANDARD = "gnu++20";
				CLANG_ENABLE_MODULES = YES;
				CLANG_ENABLE_OBJC_ARC = YES;
				CLANG_ENABLE_OBJC_WEAK = YES;
				CLANG_WARN_BLOCK_CAPTURE_AUTORELEASING = YES;
				CLANG_WARN_BOOL_CONVERSION = YES;
				CLANG_WARN_COMMA = YES;
				CLANG_WARN_CONSTANT_CONVERSION = YES;
				CLANG_WARN_DEPRECATED_OBJC_IMPLEMENTATIONS = YES;
				CLANG_WARN_DIRECT_OBJC_ISA_USAGE = YES_ERROR;
				CLANG_WARN_DOCUMENTATION_COMMENTS = YES;
				CLANG_WARN_EMPTY_BODY = YES;
				CLANG_WARN_ENUM_CONVERSION = YES;
				CLANG_WARN_INFINITE_RECURSION = YES;
				CLANG_WARN_INT_CONVERSION = YES;
				CLANG_WARN_NON_LITERAL_NULL_CONVERSION = YES;
				CLANG_WARN_OBJC_IMPLICIT_RETAIN_SELF = YES;
				CLANG_WARN_OBJC_LITERAL_CONVERSION = YES;
				CLANG_WARN_OBJC_ROOT_CLASS = YES_ERROR;
				CLANG_WARN_QUOTED_INCLUDE_IN_FRAMEWORK_HEADER = YES;
				CLANG_WARN_RANGE_LOOP_ANALYSIS = YES;
				CLANG_WARN_STRICT_PROTOTYPES = YES;
				CLANG_WARN_SUSPICIOUS_MOVE = YES;
				CLANG_WARN_UNGUARDED_AVAILABILITY = YES_AGGRESSIVE;
				CLANG_WARN_UNREACHABLE_CODE = YES;
				CLANG_WARN__DUPLICATE_METHOD_MATCH = YES;
				COPY_PHASE_STRIP = NO;
				DEBUG_INFORMATION_FORMAT = "dwarf-with-dsym";
				ENABLE_NS_ASSERTIONS = NO;
				ENABLE_STRICT_OBJC_MSGSEND = YES;
				GCC_C_LANGUAGE_STANDARD = gnu11;
				GCC_NO_COMMON_BLOCKS = YES;
				GCC_WARN_64_TO_32_BIT_CONVERSION = YES;
				GCC_WARN_ABOUT_RETURN_TYPE = YES_ERROR;
				GCC_WARN_UNDECLARED_SELECTOR = YES;
				GCC_WARN_UNINITIALIZED_AUTOS = YES_AGGRESSIVE;
				GCC_WARN_UNUSED_FUNCTION = YES;
				GCC_WARN_UNUSED_VARIABLE = YES;
				IPHONEOS_DEPLOYMENT_TARGET = 16.4;
				MTL_ENABLE_DEBUG_INFO = NO;
				MTL_FAST_MATH = YES;
				SDKROOT = iphoneos;
				SWIFT_COMPILATION_MODE = wholemodule;
				SWIFT_OPTIMIZATION_LEVEL = "-O";
				VALIDATE_PRODUCT = YES;
			};
			name = Release;
		};
		4567178329F185DF00D160BB /* Debug */ = {
			isa = XCBuildConfiguration;
			buildSettings = {
				ASSETCATALOG_COMPILER_APPICON_NAME = AppIcon;
				ASSETCATALOG_COMPILER_GLOBAL_ACCENT_COLOR_NAME = AccentColor;
				CODE_SIGN_STYLE = Automatic;
				CURRENT_PROJECT_VERSION = 1;
				DEVELOPMENT_TEAM = XW66E6M5N4;
				GENERATE_INFOPLIST_FILE = YES;
				INFOPLIST_FILE = "No TLS/Info.plist";
				INFOPLIST_KEY_UIApplicationSupportsIndirectInputEvents = YES;
				INFOPLIST_KEY_UILaunchStoryboardName = LaunchScreen;
				INFOPLIST_KEY_UIMainStoryboardFile = Main;
				INFOPLIST_KEY_UISupportedInterfaceOrientations_iPad = "UIInterfaceOrientationPortrait UIInterfaceOrientationPortraitUpsideDown UIInterfaceOrientationLandscapeLeft UIInterfaceOrientationLandscapeRight";
				INFOPLIST_KEY_UISupportedInterfaceOrientations_iPhone = "UIInterfaceOrientationPortrait UIInterfaceOrientationLandscapeLeft UIInterfaceOrientationLandscapeRight";
				LD_RUNPATH_SEARCH_PATHS = (
					"$(inherited)",
					"@executable_path/Frameworks",
				);
				MARKETING_VERSION = 1.0;
				PRODUCT_BUNDLE_IDENTIFIER = "com.andrewhoog.notls.No-TLS";
				PRODUCT_NAME = "$(TARGET_NAME)";
				SWIFT_EMIT_LOC_STRINGS = YES;
				SWIFT_VERSION = 5.0;
				TARGETED_DEVICE_FAMILY = "1,2";
			};
			name = Debug;
		};
		4567178429F185DF00D160BB /* Release */ = {
			isa = XCBuildConfiguration;
			buildSettings = {
				ASSETCATALOG_COMPILER_APPICON_NAME = AppIcon;
				ASSETCATALOG_COMPILER_GLOBAL_ACCENT_COLOR_NAME = AccentColor;
				CODE_SIGN_STYLE = Automatic;
				CURRENT_PROJECT_VERSION = 1;
				DEVELOPMENT_TEAM = XW66E6M5N4;
				GENERATE_INFOPLIST_FILE = YES;
				INFOPLIST_FILE = "No TLS/Info.plist";
				INFOPLIST_KEY_UIApplicationSupportsIndirectInputEvents = YES;
				INFOPLIST_KEY_UILaunchStoryboardName = LaunchScreen;
				INFOPLIST_KEY_UIMainStoryboardFile = Main;
				INFOPLIST_KEY_UISupportedInterfaceOrientations_iPad = "UIInterfaceOrientationPortrait UIInterfaceOrientationPortraitUpsideDown UIInterfaceOrientationLandscapeLeft UIInterfaceOrientationLandscapeRight";
				INFOPLIST_KEY_UISupportedInterfaceOrientations_iPhone = "UIInterfaceOrientationPortrait UIInterfaceOrientationLandscapeLeft UIInterfaceOrientationLandscapeRight";
				LD_RUNPATH_SEARCH_PATHS = (
					"$(inherited)",
					"@executable_path/Frameworks",
				);
				MARKETING_VERSION = 1.0;
				PRODUCT_BUNDLE_IDENTIFIER = "com.andrewhoog.notls.No-TLS";
				PRODUCT_NAME = "$(TARGET_NAME)";
				SWIFT_EMIT_LOC_STRINGS = YES;
				SWIFT_VERSION = 5.0;
				TARGETED_DEVICE_FAMILY = "1,2";
			};
			name = Release;
		};
/* End XCBuildConfiguration section */

/* Begin XCConfigurationList section */
		4567176929F185DF00D160BB /* Build configuration list for PBXProject "No TLS" */ = {
			isa = XCConfigurationList;
			buildConfigurations = (
				4567178029F185DF00D160BB /* Debug */,
				4567178129F185DF00D160BB /* Release */,
			);
			defaultConfigurationIsVisible = 0;
			defaultConfigurationName = Release;
		};
		4567178229F185DF00D160BB /* Build configuration list for PBXNativeTarget "No TLS" */ = {
			isa = XCConfigurationList;
			buildConfigurations = (
				4567178329F185DF00D160BB /* Debug */,
				4567178429F185DF00D160BB /* Release */,
			);
			defaultConfigurationIsVisible = 0;
			defaultConfigurationName = Release;
		};
/* End XCConfigurationList section */
	};
	rootObject = 4567176629F185DF00D160BB /* Project object */;
}
